<?xml version="1.0" encoding="UTF-8"?>
<!DOCTYPE plist PUBLIC "-//Apple//DTD PLIST 1.0//EN" "http://www.apple.com/DTDs/PropertyList-1.0.dtd">
<plist version="1.0">
<dict>
	<key>archiveVersion</key>
	<string>1</string>
	<key>classes</key>
	<dict/>
	<key>objectVersion</key>
	<string>46</string>
	<key>objects</key>
	<dict>
		<key>1C803B09BB46BC468CCB39FF</key>
		<dict>
			<key>buildActionMask</key>
			<string>2147483647</string>
			<key>files</key>
			<array/>
			<key>inputPaths</key>
			<array/>
			<key>isa</key>
			<string>PBXShellScriptBuildPhase</string>
			<key>name</key>
			<string>Check Pods Manifest.lock</string>
			<key>outputPaths</key>
			<array/>
			<key>runOnlyForDeploymentPostprocessing</key>
			<string>0</string>
			<key>shellPath</key>
			<string>/bin/sh</string>
			<key>shellScript</key>
			<string>diff "${PODS_ROOT}/../Podfile.lock" "${PODS_ROOT}/Manifest.lock" &gt; /dev/null
if [[ $? != 0 ]] ; then
    cat &lt;&lt; EOM
error: The sandbox is not in sync with the Podfile.lock. Run 'pod install' or update your CocoaPods installation.
EOM
    exit 1
fi
</string>
			<key>showEnvVarsInLog</key>
			<string>0</string>
		</dict>
		<key>2D1B8F37E63010342EBD917B</key>
		<dict>
			<key>includeInIndex</key>
			<string>1</string>
			<key>isa</key>
			<string>PBXFileReference</string>
			<key>lastKnownFileType</key>
			<string>text.xcconfig</string>
			<key>name</key>
			<string>Pods-PodSample.release.xcconfig</string>
			<key>path</key>
			<string>Pods/Target Support Files/Pods-PodSample/Pods-PodSample.release.xcconfig</string>
			<key>sourceTree</key>
			<string>&lt;group&gt;</string>
		</dict>
		<key>31DFFFD24F358647E0D93593</key>
		<dict>
			<key>children</key>
			<array>
				<string>E8A4D0BABB544E21588408A6</string>
			</array>
			<key>isa</key>
			<string>PBXGroup</string>
			<key>name</key>
			<string>Frameworks</string>
			<key>sourceTree</key>
			<string>&lt;group&gt;</string>
		</dict>
		<key>3DFCF930BF5FE44F872CED77</key>
		<dict>
			<key>includeInIndex</key>
			<string>1</string>
			<key>isa</key>
			<string>PBXFileReference</string>
			<key>lastKnownFileType</key>
			<string>text.xcconfig</string>
			<key>name</key>
			<string>Pods-PodSample.debug.xcconfig</string>
			<key>path</key>
			<string>Pods/Target Support Files/Pods-PodSample/Pods-PodSample.debug.xcconfig</string>
			<key>sourceTree</key>
			<string>&lt;group&gt;</string>
		</dict>
		<key>3FE77078656AE95F67758042</key>
		<dict>
			<key>explicitFileType</key>
			<string>wrapper.framework</string>
			<key>includeInIndex</key>
			<string>0</string>
			<key>isa</key>
			<string>PBXFileReference</string>
			<key>path</key>
			<string>Pods_PodSample.framework</string>
			<key>sourceTree</key>
			<string>BUILT_PRODUCTS_DIR</string>
		</dict>
		<key>432ED9F0CCB68133103BCD69</key>
		<dict>
			<key>children</key>
			<array>
				<string>3DFCF930BF5FE44F872CED77</string>
				<string>2D1B8F37E63010342EBD917B</string>
			</array>
			<key>isa</key>
			<string>PBXGroup</string>
			<key>name</key>
			<string>Pods</string>
			<key>sourceTree</key>
			<string>&lt;group&gt;</string>
		</dict>
		<key>461CD2481D86DD88BEE44C1E</key>
		<dict>
			<key>buildActionMask</key>
			<string>2147483647</string>
			<key>files</key>
			<array/>
			<key>inputPaths</key>
			<array/>
			<key>isa</key>
			<string>PBXShellScriptBuildPhase</string>
			<key>name</key>
			<string>Embed Pods Frameworks</string>
			<key>outputPaths</key>
			<array/>
			<key>runOnlyForDeploymentPostprocessing</key>
			<string>0</string>
			<key>shellPath</key>
			<string>/bin/sh</string>
			<key>shellScript</key>
			<string>"${SRCROOT}/Pods/Target Support Files/Pods-PodSample/Pods-PodSample-frameworks.sh"
</string>
			<key>showEnvVarsInLog</key>
			<string>0</string>
		</dict>
		<key>610B51E11C6A7883007C82D4</key>
		<dict>
			<key>children</key>
			<array>
				<string>610B51EC1C6A7883007C82D4</string>
				<string>610B51EB1C6A7883007C82D4</string>
				<string>432ED9F0CCB68133103BCD69</string>
				<string>31DFFFD24F358647E0D93593</string>
			</array>
			<key>isa</key>
			<string>PBXGroup</string>
			<key>sourceTree</key>
			<string>&lt;group&gt;</string>
		</dict>
		<key>610B51E21C6A7883007C82D4</key>
		<dict>
			<key>attributes</key>
			<dict>
				<key>LastSwiftUpdateCheck</key>
				<string>0720</string>
				<key>LastUpgradeCheck</key>
				<string>0720</string>
				<key>ORGANIZATIONNAME</key>
				<string>Urban Airship</string>
				<key>TargetAttributes</key>
				<dict>
					<key>610B51E91C6A7883007C82D4</key>
					<dict>
						<key>CreatedOnToolsVersion</key>
						<string>7.2</string>
						<key>DevelopmentTeam</key>
						<string>PGJV57GD94</string>
					</dict>
				</dict>
			</dict>
			<key>buildConfigurationList</key>
			<string>610B51E51C6A7883007C82D4</string>
			<key>compatibilityVersion</key>
			<string>Xcode 3.2</string>
			<key>developmentRegion</key>
			<string>English</string>
			<key>hasScannedForEncodings</key>
			<string>0</string>
			<key>isa</key>
			<string>PBXProject</string>
			<key>knownRegions</key>
			<array>
				<string>en</string>
				<string>Base</string>
			</array>
			<key>mainGroup</key>
			<string>610B51E11C6A7883007C82D4</string>
			<key>productRefGroup</key>
			<string>610B51EB1C6A7883007C82D4</string>
			<key>projectDirPath</key>
			<string></string>
			<key>projectReferences</key>
			<array/>
			<key>projectRoot</key>
			<string></string>
			<key>targets</key>
			<array>
				<string>610B51E91C6A7883007C82D4</string>
			</array>
		</dict>
		<key>610B51E51C6A7883007C82D4</key>
		<dict>
			<key>buildConfigurations</key>
			<array>
				<string>610B51FA1C6A7883007C82D4</string>
				<string>610B51FB1C6A7883007C82D4</string>
			</array>
			<key>defaultConfigurationIsVisible</key>
			<string>0</string>
			<key>defaultConfigurationName</key>
			<string>Release</string>
			<key>isa</key>
			<string>XCConfigurationList</string>
		</dict>
		<key>610B51E61C6A7883007C82D4</key>
		<dict>
			<key>buildActionMask</key>
			<string>2147483647</string>
			<key>files</key>
			<array>
				<string>610B51F01C6A7883007C82D4</string>
				<string>610B51EE1C6A7883007C82D4</string>
			</array>
			<key>isa</key>
			<string>PBXSourcesBuildPhase</string>
			<key>runOnlyForDeploymentPostprocessing</key>
			<string>0</string>
		</dict>
		<key>610B51E71C6A7883007C82D4</key>
		<dict>
			<key>buildActionMask</key>
			<string>2147483647</string>
			<key>files</key>
			<array>
				<string>72924B649B7CFC9DE3CC3656</string>
			</array>
			<key>isa</key>
			<string>PBXFrameworksBuildPhase</string>
			<key>runOnlyForDeploymentPostprocessing</key>
			<string>0</string>
		</dict>
		<key>610B51E81C6A7883007C82D4</key>
		<dict>
			<key>buildActionMask</key>
			<string>2147483647</string>
			<key>files</key>
			<array>
				<string>610B52161C6A79EC007C82D4</string>
				<string>610B520F1C6A79EC007C82D4</string>
				<string>610B52151C6A79EC007C82D4</string>
				<string>610B521E1C6A7C4F007C82D4</string>
				<string>610B52171C6A79EC007C82D4</string>
				<string>610B52141C6A79EC007C82D4</string>
				<string>610B51F81C6A7883007C82D4</string>
				<string>610B52101C6A79EC007C82D4</string>
				<string>610B52121C6A79EC007C82D4</string>
				<string>610B51F51C6A7883007C82D4</string>
				<string>610B51F31C6A7883007C82D4</string>
				<string>610B52191C6A79EC007C82D4</string>
				<string>610B52181C6A79EC007C82D4</string>
				<string>610B52131C6A79EC007C82D4</string>
				<string>610B52111C6A79EC007C82D4</string>
			</array>
			<key>isa</key>
			<string>PBXResourcesBuildPhase</string>
			<key>runOnlyForDeploymentPostprocessing</key>
			<string>0</string>
		</dict>
		<key>610B51E91C6A7883007C82D4</key>
		<dict>
			<key>buildConfigurationList</key>
			<string>610B51FC1C6A7883007C82D4</string>
			<key>buildPhases</key>
			<array>
				<string>1C803B09BB46BC468CCB39FF</string>
				<string>610B51E61C6A7883007C82D4</string>
				<string>610B51E71C6A7883007C82D4</string>
				<string>610B51E81C6A7883007C82D4</string>
				<string>61A785A31C6BA16C0062FAA4</string>
				<string>461CD2481D86DD88BEE44C1E</string>
				<string>DBAF9C1B7525FB84EDBC5765</string>
			</array>
			<key>buildRules</key>
			<array/>
			<key>dependencies</key>
			<array/>
			<key>isa</key>
			<string>PBXNativeTarget</string>
			<key>name</key>
			<string>PodSample</string>
			<key>productName</key>
			<string>PodSample</string>
			<key>productReference</key>
			<string>610B51EA1C6A7883007C82D4</string>
			<key>productType</key>
			<string>com.apple.product-type.application</string>
		</dict>
		<key>610B51EA1C6A7883007C82D4</key>
		<dict>
			<key>explicitFileType</key>
			<string>wrapper.application</string>
			<key>includeInIndex</key>
			<string>0</string>
			<key>isa</key>
			<string>PBXFileReference</string>
			<key>path</key>
			<string>PodSample.app</string>
			<key>sourceTree</key>
			<string>BUILT_PRODUCTS_DIR</string>
		</dict>
		<key>610B51EB1C6A7883007C82D4</key>
		<dict>
			<key>children</key>
			<array>
				<string>610B51EA1C6A7883007C82D4</string>
			</array>
			<key>isa</key>
			<string>PBXGroup</string>
			<key>name</key>
			<string>Products</string>
			<key>sourceTree</key>
			<string>&lt;group&gt;</string>
		</dict>
		<key>610B51EC1C6A7883007C82D4</key>
		<dict>
			<key>children</key>
			<array>
				<string>610B51ED1C6A7883007C82D4</string>
				<string>610B51EF1C6A7883007C82D4</string>
				<string>610B51F11C6A7883007C82D4</string>
				<string>610B51F61C6A7883007C82D4</string>
				<string>61A785A61C6BBAB10062FAA4</string>
				<string>61A785A51C6BBA9B0062FAA4</string>
			</array>
			<key>isa</key>
			<string>PBXGroup</string>
			<key>path</key>
			<string>PodSample</string>
			<key>sourceTree</key>
			<string>&lt;group&gt;</string>
		</dict>
		<key>610B51ED1C6A7883007C82D4</key>
		<dict>
			<key>isa</key>
			<string>PBXFileReference</string>
			<key>lastKnownFileType</key>
			<string>sourcecode.swift</string>
			<key>path</key>
			<string>AppDelegate.swift</string>
			<key>sourceTree</key>
			<string>&lt;group&gt;</string>
		</dict>
		<key>610B51EE1C6A7883007C82D4</key>
		<dict>
			<key>fileRef</key>
			<string>610B51ED1C6A7883007C82D4</string>
			<key>isa</key>
			<string>PBXBuildFile</string>
		</dict>
		<key>610B51EF1C6A7883007C82D4</key>
		<dict>
			<key>isa</key>
			<string>PBXFileReference</string>
			<key>lastKnownFileType</key>
			<string>sourcecode.swift</string>
			<key>path</key>
			<string>ViewController.swift</string>
			<key>sourceTree</key>
			<string>&lt;group&gt;</string>
		</dict>
		<key>610B51F01C6A7883007C82D4</key>
		<dict>
			<key>fileRef</key>
			<string>610B51EF1C6A7883007C82D4</string>
			<key>isa</key>
			<string>PBXBuildFile</string>
		</dict>
		<key>610B51F11C6A7883007C82D4</key>
		<dict>
			<key>children</key>
			<array>
				<string>610B51F21C6A7883007C82D4</string>
			</array>
			<key>isa</key>
			<string>PBXVariantGroup</string>
			<key>name</key>
			<string>Main.storyboard</string>
			<key>sourceTree</key>
			<string>&lt;group&gt;</string>
		</dict>
		<key>610B51F21C6A7883007C82D4</key>
		<dict>
			<key>isa</key>
			<string>PBXFileReference</string>
			<key>lastKnownFileType</key>
			<string>file.storyboard</string>
			<key>name</key>
			<string>Base</string>
			<key>path</key>
			<string>Base.lproj/Main.storyboard</string>
			<key>sourceTree</key>
			<string>&lt;group&gt;</string>
		</dict>
		<key>610B51F31C6A7883007C82D4</key>
		<dict>
			<key>fileRef</key>
			<string>610B51F11C6A7883007C82D4</string>
			<key>isa</key>
			<string>PBXBuildFile</string>
		</dict>
		<key>610B51F41C6A7883007C82D4</key>
		<dict>
			<key>isa</key>
			<string>PBXFileReference</string>
			<key>lastKnownFileType</key>
			<string>folder.assetcatalog</string>
			<key>path</key>
			<string>Assets.xcassets</string>
			<key>sourceTree</key>
			<string>&lt;group&gt;</string>
		</dict>
		<key>610B51F51C6A7883007C82D4</key>
		<dict>
			<key>fileRef</key>
			<string>610B51F41C6A7883007C82D4</string>
			<key>isa</key>
			<string>PBXBuildFile</string>
		</dict>
		<key>610B51F61C6A7883007C82D4</key>
		<dict>
			<key>children</key>
			<array>
				<string>610B51F71C6A7883007C82D4</string>
			</array>
			<key>isa</key>
			<string>PBXVariantGroup</string>
			<key>name</key>
			<string>LaunchScreen.storyboard</string>
			<key>sourceTree</key>
			<string>&lt;group&gt;</string>
		</dict>
		<key>610B51F71C6A7883007C82D4</key>
		<dict>
			<key>isa</key>
			<string>PBXFileReference</string>
			<key>lastKnownFileType</key>
			<string>file.storyboard</string>
			<key>name</key>
			<string>Base</string>
			<key>path</key>
			<string>Base.lproj/LaunchScreen.storyboard</string>
			<key>sourceTree</key>
			<string>&lt;group&gt;</string>
		</dict>
		<key>610B51F81C6A7883007C82D4</key>
		<dict>
			<key>fileRef</key>
			<string>610B51F61C6A7883007C82D4</string>
			<key>isa</key>
			<string>PBXBuildFile</string>
		</dict>
		<key>610B51F91C6A7883007C82D4</key>
		<dict>
			<key>isa</key>
			<string>PBXFileReference</string>
			<key>lastKnownFileType</key>
			<string>text.plist.xml</string>
			<key>path</key>
			<string>Info.plist</string>
			<key>sourceTree</key>
			<string>&lt;group&gt;</string>
		</dict>
		<key>610B51FA1C6A7883007C82D4</key>
		<dict>
			<key>buildSettings</key>
			<dict>
				<key>ALWAYS_SEARCH_USER_PATHS</key>
				<string>NO</string>
				<key>CLANG_CXX_LANGUAGE_STANDARD</key>
				<string>gnu++0x</string>
				<key>CLANG_CXX_LIBRARY</key>
				<string>libc++</string>
				<key>CLANG_ENABLE_MODULES</key>
				<string>YES</string>
				<key>CLANG_ENABLE_OBJC_ARC</key>
				<string>YES</string>
				<key>CLANG_WARN_BOOL_CONVERSION</key>
				<string>YES</string>
				<key>CLANG_WARN_CONSTANT_CONVERSION</key>
				<string>YES</string>
				<key>CLANG_WARN_DIRECT_OBJC_ISA_USAGE</key>
				<string>YES_ERROR</string>
				<key>CLANG_WARN_EMPTY_BODY</key>
				<string>YES</string>
				<key>CLANG_WARN_ENUM_CONVERSION</key>
				<string>YES</string>
				<key>CLANG_WARN_INT_CONVERSION</key>
				<string>YES</string>
				<key>CLANG_WARN_OBJC_ROOT_CLASS</key>
				<string>YES_ERROR</string>
				<key>CLANG_WARN_UNREACHABLE_CODE</key>
				<string>YES</string>
				<key>CLANG_WARN__DUPLICATE_METHOD_MATCH</key>
				<string>YES</string>
				<key>CODE_SIGN_IDENTITY[sdk=iphoneos*]</key>
				<string>iPhone Developer</string>
				<key>COPY_PHASE_STRIP</key>
				<string>NO</string>
				<key>DEBUG_INFORMATION_FORMAT</key>
				<string>dwarf</string>
				<key>ENABLE_STRICT_OBJC_MSGSEND</key>
				<string>YES</string>
				<key>ENABLE_TESTABILITY</key>
				<string>YES</string>
				<key>GCC_C_LANGUAGE_STANDARD</key>
				<string>gnu99</string>
				<key>GCC_DYNAMIC_NO_PIC</key>
				<string>NO</string>
				<key>GCC_NO_COMMON_BLOCKS</key>
				<string>YES</string>
				<key>GCC_OPTIMIZATION_LEVEL</key>
				<string>0</string>
				<key>GCC_PREPROCESSOR_DEFINITIONS</key>
				<array>
					<string>DEBUG=1</string>
					<string>$(inherited)</string>
				</array>
				<key>GCC_WARN_64_TO_32_BIT_CONVERSION</key>
				<string>YES</string>
				<key>GCC_WARN_ABOUT_RETURN_TYPE</key>
				<string>YES_ERROR</string>
				<key>GCC_WARN_UNDECLARED_SELECTOR</key>
				<string>YES</string>
				<key>GCC_WARN_UNINITIALIZED_AUTOS</key>
				<string>YES_AGGRESSIVE</string>
				<key>GCC_WARN_UNUSED_FUNCTION</key>
				<string>YES</string>
				<key>GCC_WARN_UNUSED_VARIABLE</key>
				<string>YES</string>
				<key>IPHONEOS_DEPLOYMENT_TARGET</key>
				<string>9.0</string>
				<key>MTL_ENABLE_DEBUG_INFO</key>
				<string>YES</string>
				<key>ONLY_ACTIVE_ARCH</key>
				<string>YES</string>
				<key>SDKROOT</key>
				<string>iphoneos</string>
				<key>SWIFT_OPTIMIZATION_LEVEL</key>
				<string>-Onone</string>
				<key>TARGETED_DEVICE_FAMILY</key>
				<string>1,2</string>
			</dict>
			<key>isa</key>
			<string>XCBuildConfiguration</string>
			<key>name</key>
			<string>Debug</string>
		</dict>
		<key>610B51FB1C6A7883007C82D4</key>
		<dict>
			<key>buildSettings</key>
			<dict>
				<key>ALWAYS_SEARCH_USER_PATHS</key>
				<string>NO</string>
				<key>CLANG_CXX_LANGUAGE_STANDARD</key>
				<string>gnu++0x</string>
				<key>CLANG_CXX_LIBRARY</key>
				<string>libc++</string>
				<key>CLANG_ENABLE_MODULES</key>
				<string>YES</string>
				<key>CLANG_ENABLE_OBJC_ARC</key>
				<string>YES</string>
				<key>CLANG_WARN_BOOL_CONVERSION</key>
				<string>YES</string>
				<key>CLANG_WARN_CONSTANT_CONVERSION</key>
				<string>YES</string>
				<key>CLANG_WARN_DIRECT_OBJC_ISA_USAGE</key>
				<string>YES_ERROR</string>
				<key>CLANG_WARN_EMPTY_BODY</key>
				<string>YES</string>
				<key>CLANG_WARN_ENUM_CONVERSION</key>
				<string>YES</string>
				<key>CLANG_WARN_INT_CONVERSION</key>
				<string>YES</string>
				<key>CLANG_WARN_OBJC_ROOT_CLASS</key>
				<string>YES_ERROR</string>
				<key>CLANG_WARN_UNREACHABLE_CODE</key>
				<string>YES</string>
				<key>CLANG_WARN__DUPLICATE_METHOD_MATCH</key>
				<string>YES</string>
				<key>CODE_SIGN_IDENTITY[sdk=iphoneos*]</key>
				<string>iPhone Developer</string>
				<key>COPY_PHASE_STRIP</key>
				<string>NO</string>
				<key>DEBUG_INFORMATION_FORMAT</key>
				<string>dwarf-with-dsym</string>
				<key>ENABLE_NS_ASSERTIONS</key>
				<string>NO</string>
				<key>ENABLE_STRICT_OBJC_MSGSEND</key>
				<string>YES</string>
				<key>GCC_C_LANGUAGE_STANDARD</key>
				<string>gnu99</string>
				<key>GCC_NO_COMMON_BLOCKS</key>
				<string>YES</string>
				<key>GCC_WARN_64_TO_32_BIT_CONVERSION</key>
				<string>YES</string>
				<key>GCC_WARN_ABOUT_RETURN_TYPE</key>
				<string>YES_ERROR</string>
				<key>GCC_WARN_UNDECLARED_SELECTOR</key>
				<string>YES</string>
				<key>GCC_WARN_UNINITIALIZED_AUTOS</key>
				<string>YES_AGGRESSIVE</string>
				<key>GCC_WARN_UNUSED_FUNCTION</key>
				<string>YES</string>
				<key>GCC_WARN_UNUSED_VARIABLE</key>
				<string>YES</string>
				<key>IPHONEOS_DEPLOYMENT_TARGET</key>
				<string>9.0</string>
				<key>MTL_ENABLE_DEBUG_INFO</key>
				<string>NO</string>
				<key>SDKROOT</key>
				<string>iphoneos</string>
				<key>TARGETED_DEVICE_FAMILY</key>
				<string>1,2</string>
				<key>VALIDATE_PRODUCT</key>
				<string>YES</string>
			</dict>
			<key>isa</key>
			<string>XCBuildConfiguration</string>
			<key>name</key>
			<string>Release</string>
		</dict>
		<key>610B51FC1C6A7883007C82D4</key>
		<dict>
			<key>buildConfigurations</key>
			<array>
				<string>610B51FD1C6A7883007C82D4</string>
				<string>610B51FE1C6A7883007C82D4</string>
			</array>
			<key>defaultConfigurationIsVisible</key>
			<string>0</string>
			<key>defaultConfigurationName</key>
			<string>Release</string>
			<key>isa</key>
			<string>XCConfigurationList</string>
		</dict>
		<key>610B51FD1C6A7883007C82D4</key>
		<dict>
			<key>baseConfigurationReference</key>
			<string>3DFCF930BF5FE44F872CED77</string>
			<key>buildSettings</key>
			<dict>
				<key>ASSETCATALOG_COMPILER_APPICON_NAME</key>
				<string>AppIcon</string>
				<key>CODE_SIGN_IDENTITY</key>
				<string>iPhone Developer</string>
				<key>CODE_SIGN_IDENTITY[sdk=iphoneos*]</key>
				<string>iPhone Developer</string>
				<key>INFOPLIST_FILE</key>
				<string>PodSample/Info.plist</string>
				<key>LD_RUNPATH_SEARCH_PATHS</key>
				<string>$(inherited) @executable_path/Frameworks</string>
				<key>PRODUCT_BUNDLE_IDENTIFIER</key>
				<string>PodSample.PodSample</string>
				<key>PRODUCT_NAME</key>
				<string>$(TARGET_NAME)</string>
				<key>PROVISIONING_PROFILE</key>
				<string></string>
				<key>SWIFT_OBJC_BRIDGING_HEADER</key>
				<string></string>
			</dict>
			<key>isa</key>
			<string>XCBuildConfiguration</string>
			<key>name</key>
			<string>Debug</string>
		</dict>
		<key>610B51FE1C6A7883007C82D4</key>
		<dict>
			<key>baseConfigurationReference</key>
			<string>2D1B8F37E63010342EBD917B</string>
			<key>buildSettings</key>
			<dict>
				<key>ASSETCATALOG_COMPILER_APPICON_NAME</key>
				<string>AppIcon</string>
				<key>CODE_SIGN_IDENTITY</key>
				<string>iPhone Developer</string>
				<key>CODE_SIGN_IDENTITY[sdk=iphoneos*]</key>
				<string>iPhone Developer</string>
				<key>INFOPLIST_FILE</key>
				<string>PodSample/Info.plist</string>
				<key>LD_RUNPATH_SEARCH_PATHS</key>
				<string>$(inherited) @executable_path/Frameworks</string>
				<key>PRODUCT_BUNDLE_IDENTIFIER</key>
				<string>PodSample.PodSample</string>
				<key>PRODUCT_NAME</key>
				<string>$(TARGET_NAME)</string>
				<key>PROVISIONING_PROFILE</key>
				<string></string>
				<key>SWIFT_OBJC_BRIDGING_HEADER</key>
				<string></string>
			</dict>
			<key>isa</key>
			<string>XCBuildConfiguration</string>
			<key>name</key>
			<string>Release</string>
		</dict>
		<key>610B52041C6A79EC007C82D4</key>
		<dict>
			<key>fileEncoding</key>
			<string>4</string>
			<key>isa</key>
			<string>PBXFileReference</string>
			<key>lastKnownFileType</key>
			<string>text</string>
			<key>name</key>
			<string>LICENSE.txt</string>
			<key>path</key>
			<string>Roboto/LICENSE.txt</string>
			<key>sourceTree</key>
			<string>&lt;group&gt;</string>
		</dict>
		<key>610B52051C6A79EC007C82D4</key>
		<dict>
			<key>isa</key>
			<string>PBXFileReference</string>
			<key>lastKnownFileType</key>
			<string>file</string>
			<key>name</key>
			<string>Roboto-Black.ttf</string>
			<key>path</key>
			<string>Roboto/Roboto-Black.ttf</string>
			<key>sourceTree</key>
			<string>&lt;group&gt;</string>
		</dict>
		<key>610B52061C6A79EC007C82D4</key>
		<dict>
			<key>isa</key>
			<string>PBXFileReference</string>
			<key>lastKnownFileType</key>
			<string>file</string>
			<key>name</key>
			<string>Roboto-BlackItalic.ttf</string>
			<key>path</key>
			<string>Roboto/Roboto-BlackItalic.ttf</string>
			<key>sourceTree</key>
			<string>&lt;group&gt;</string>
		</dict>
		<key>610B52071C6A79EC007C82D4</key>
		<dict>
			<key>isa</key>
			<string>PBXFileReference</string>
			<key>lastKnownFileType</key>
			<string>file</string>
			<key>name</key>
			<string>Roboto-Bold.ttf</string>
			<key>path</key>
			<string>Roboto/Roboto-Bold.ttf</string>
			<key>sourceTree</key>
			<string>&lt;group&gt;</string>
		</dict>
		<key>610B52081C6A79EC007C82D4</key>
		<dict>
			<key>isa</key>
			<string>PBXFileReference</string>
			<key>lastKnownFileType</key>
			<string>file</string>
			<key>name</key>
			<string>Roboto-BoldItalic.ttf</string>
			<key>path</key>
			<string>Roboto/Roboto-BoldItalic.ttf</string>
			<key>sourceTree</key>
			<string>&lt;group&gt;</string>
		</dict>
		<key>610B52091C6A79EC007C82D4</key>
		<dict>
			<key>isa</key>
			<string>PBXFileReference</string>
			<key>lastKnownFileType</key>
			<string>file</string>
			<key>name</key>
			<string>Roboto-Light.ttf</string>
			<key>path</key>
			<string>Roboto/Roboto-Light.ttf</string>
			<key>sourceTree</key>
			<string>&lt;group&gt;</string>
		</dict>
		<key>610B520A1C6A79EC007C82D4</key>
		<dict>
			<key>isa</key>
			<string>PBXFileReference</string>
			<key>lastKnownFileType</key>
			<string>file</string>
			<key>name</key>
			<string>Roboto-LightItalic.ttf</string>
			<key>path</key>
			<string>Roboto/Roboto-LightItalic.ttf</string>
			<key>sourceTree</key>
			<string>&lt;group&gt;</string>
		</dict>
		<key>610B520B1C6A79EC007C82D4</key>
		<dict>
			<key>isa</key>
			<string>PBXFileReference</string>
			<key>lastKnownFileType</key>
			<string>file</string>
			<key>name</key>
			<string>Roboto-Medium.ttf</string>
			<key>path</key>
			<string>Roboto/Roboto-Medium.ttf</string>
			<key>sourceTree</key>
			<string>&lt;group&gt;</string>
		</dict>
		<key>610B520C1C6A79EC007C82D4</key>
		<dict>
			<key>isa</key>
			<string>PBXFileReference</string>
			<key>lastKnownFileType</key>
			<string>file</string>
			<key>name</key>
			<string>Roboto-MediumItalic.ttf</string>
			<key>path</key>
			<string>Roboto/Roboto-MediumItalic.ttf</string>
			<key>sourceTree</key>
			<string>&lt;group&gt;</string>
		</dict>
		<key>610B520D1C6A79EC007C82D4</key>
		<dict>
			<key>isa</key>
			<string>PBXFileReference</string>
			<key>lastKnownFileType</key>
			<string>file</string>
			<key>name</key>
			<string>Roboto-Regular.ttf</string>
			<key>path</key>
			<string>Roboto/Roboto-Regular.ttf</string>
			<key>sourceTree</key>
			<string>&lt;group&gt;</string>
		</dict>
		<key>610B520E1C6A79EC007C82D4</key>
		<dict>
			<key>isa</key>
			<string>PBXFileReference</string>
			<key>lastKnownFileType</key>
			<string>file</string>
			<key>name</key>
			<string>Roboto-ThinItalic.ttf</string>
			<key>path</key>
			<string>Roboto/Roboto-ThinItalic.ttf</string>
			<key>sourceTree</key>
			<string>&lt;group&gt;</string>
		</dict>
		<key>610B520F1C6A79EC007C82D4</key>
		<dict>
			<key>fileRef</key>
			<string>610B52041C6A79EC007C82D4</string>
			<key>isa</key>
			<string>PBXBuildFile</string>
		</dict>
		<key>610B52101C6A79EC007C82D4</key>
		<dict>
			<key>fileRef</key>
			<string>610B52051C6A79EC007C82D4</string>
			<key>isa</key>
			<string>PBXBuildFile</string>
		</dict>
		<key>610B52111C6A79EC007C82D4</key>
		<dict>
			<key>fileRef</key>
			<string>610B52061C6A79EC007C82D4</string>
			<key>isa</key>
			<string>PBXBuildFile</string>
		</dict>
		<key>610B52121C6A79EC007C82D4</key>
		<dict>
			<key>fileRef</key>
			<string>610B52071C6A79EC007C82D4</string>
			<key>isa</key>
			<string>PBXBuildFile</string>
		</dict>
		<key>610B52131C6A79EC007C82D4</key>
		<dict>
			<key>fileRef</key>
			<string>610B52081C6A79EC007C82D4</string>
			<key>isa</key>
			<string>PBXBuildFile</string>
		</dict>
		<key>610B52141C6A79EC007C82D4</key>
		<dict>
			<key>fileRef</key>
			<string>610B52091C6A79EC007C82D4</string>
			<key>isa</key>
			<string>PBXBuildFile</string>
		</dict>
		<key>610B52151C6A79EC007C82D4</key>
		<dict>
			<key>fileRef</key>
			<string>610B520A1C6A79EC007C82D4</string>
			<key>isa</key>
			<string>PBXBuildFile</string>
		</dict>
		<key>610B52161C6A79EC007C82D4</key>
		<dict>
			<key>fileRef</key>
			<string>610B520B1C6A79EC007C82D4</string>
			<key>isa</key>
			<string>PBXBuildFile</string>
		</dict>
		<key>610B52171C6A79EC007C82D4</key>
		<dict>
			<key>fileRef</key>
			<string>610B520C1C6A79EC007C82D4</string>
			<key>isa</key>
			<string>PBXBuildFile</string>
		</dict>
		<key>610B52181C6A79EC007C82D4</key>
		<dict>
			<key>fileRef</key>
			<string>610B520D1C6A79EC007C82D4</string>
			<key>isa</key>
			<string>PBXBuildFile</string>
		</dict>
		<key>610B52191C6A79EC007C82D4</key>
		<dict>
			<key>fileRef</key>
			<string>610B520E1C6A79EC007C82D4</string>
			<key>isa</key>
			<string>PBXBuildFile</string>
		</dict>
		<key>610B521A1C6A79F3007C82D4</key>
		<dict>
			<key>children</key>
			<array>
				<string>610B52041C6A79EC007C82D4</string>
				<string>610B52051C6A79EC007C82D4</string>
				<string>610B52061C6A79EC007C82D4</string>
				<string>610B52071C6A79EC007C82D4</string>
				<string>610B52081C6A79EC007C82D4</string>
				<string>610B52091C6A79EC007C82D4</string>
				<string>610B520A1C6A79EC007C82D4</string>
				<string>610B520B1C6A79EC007C82D4</string>
				<string>610B520C1C6A79EC007C82D4</string>
				<string>610B520D1C6A79EC007C82D4</string>
				<string>610B520E1C6A79EC007C82D4</string>
			</array>
			<key>isa</key>
			<string>PBXGroup</string>
			<key>name</key>
			<string>Roboto</string>
			<key>sourceTree</key>
			<string>&lt;group&gt;</string>
		</dict>
		<key>610B521D1C6A7C4F007C82D4</key>
		<dict>
			<key>fileEncoding</key>
			<string>4</string>
			<key>isa</key>
			<string>PBXFileReference</string>
			<key>lastKnownFileType</key>
			<string>text.plist.xml</string>
			<key>path</key>
			<string>AirshipConfig.plist</string>
			<key>sourceTree</key>
			<string>&lt;group&gt;</string>
		</dict>
		<key>610B521E1C6A7C4F007C82D4</key>
		<dict>
			<key>fileRef</key>
			<string>610B521D1C6A7C4F007C82D4</string>
			<key>isa</key>
			<string>PBXBuildFile</string>
		</dict>
		<key>61A785A21C6BA16C0062FAA4</key>
		<dict>
			<key>fileRef</key>
			<string>3FE77078656AE95F67758042</string>
			<key>isa</key>
			<string>PBXBuildFile</string>
			<key>settings</key>
			<dict>
				<key>ATTRIBUTES</key>
				<array>
					<string>CodeSignOnCopy</string>
					<string>RemoveHeadersOnCopy</string>
				</array>
			</dict>
		</dict>
		<key>61A785A31C6BA16C0062FAA4</key>
		<dict>
			<key>buildActionMask</key>
			<string>2147483647</string>
			<key>dstPath</key>
			<string></string>
			<key>dstSubfolderSpec</key>
			<string>10</string>
			<key>files</key>
			<array>
				<string>61A785A21C6BA16C0062FAA4</string>
			</array>
			<key>isa</key>
			<string>PBXCopyFilesBuildPhase</string>
			<key>name</key>
			<string>Embed Frameworks</string>
			<key>runOnlyForDeploymentPostprocessing</key>
			<string>0</string>
		</dict>
		<key>61A785A51C6BBA9B0062FAA4</key>
		<dict>
			<key>children</key>
			<array>
				<string>610B521A1C6A79F3007C82D4</string>
				<string>610B51F41C6A7883007C82D4</string>
			</array>
			<key>isa</key>
			<string>PBXGroup</string>
			<key>name</key>
			<string>Resources</string>
			<key>sourceTree</key>
			<string>&lt;group&gt;</string>
		</dict>
		<key>61A785A61C6BBAB10062FAA4</key>
		<dict>
			<key>children</key>
			<array>
				<string>610B521D1C6A7C4F007C82D4</string>
				<string>610B51F91C6A7883007C82D4</string>
			</array>
			<key>isa</key>
			<string>PBXGroup</string>
			<key>name</key>
			<string>Other Sources</string>
			<key>sourceTree</key>
			<string>&lt;group&gt;</string>
		</dict>
		<key>72924B649B7CFC9DE3CC3656</key>
		<dict>
			<key>fileRef</key>
			<string>E8A4D0BABB544E21588408A6</string>
			<key>isa</key>
			<string>PBXBuildFile</string>
		</dict>
		<key>DBAF9C1B7525FB84EDBC5765</key>
		<dict>
			<key>buildActionMask</key>
			<string>2147483647</string>
			<key>files</key>
			<array/>
			<key>inputPaths</key>
			<array/>
			<key>isa</key>
			<string>PBXShellScriptBuildPhase</string>
			<key>name</key>
			<string>Copy Pods Resources</string>
			<key>outputPaths</key>
			<array/>
			<key>runOnlyForDeploymentPostprocessing</key>
			<string>0</string>
			<key>shellPath</key>
			<string>/bin/sh</string>
			<key>shellScript</key>
			<string>"${SRCROOT}/Pods/Target Support Files/Pods-PodSample/Pods-PodSample-resources.sh"
</string>
			<key>showEnvVarsInLog</key>
			<string>0</string>
		</dict>
		<key>E8A4D0BABB544E21588408A6</key>
		<dict>
			<key>explicitFileType</key>
			<string>wrapper.framework</string>
			<key>includeInIndex</key>
			<string>0</string>
			<key>isa</key>
			<string>PBXFileReference</string>
			<key>path</key>
			<string>Pods_PodSample.framework</string>
			<key>sourceTree</key>
			<string>BUILT_PRODUCTS_DIR</string>
		</dict>
	</dict>
	<key>rootObject</key>
	<string>610B51E21C6A7883007C82D4</string>
</dict>
</plist>
